
Microsoft Visual Studio Solution File, Format Version 12.00
Project("{FAE04EC0-301F-11D3-BF4B-00C04F79EFBC}") = "JupiterInv.Api", "JupiterInv.Api\JupiterInv.Api.csproj", "{0AAC83FF-B1B5-4698-963C-F51A050FFA2E}"
EndProject
Project("{FAE04EC0-301F-11D3-BF4B-00C04F79EFBC}") = "JupiterInv.Tests", "JupiterInv.Tests\JupiterInv.Tests.csproj", "{D18D7775-0D3D-4B4E-BA0A-DBFC9E4A7C94}"
EndProject
Project("{FAE04EC0-301F-11D3-BF4B-00C04F79EFBC}") = "JupiterInv.Application", "JupiterInv.Application\JupiterInv.Application.csproj", "{A6F3563E-EAD8-4CE7-A34E-BEC2EFE880C1}"
EndProject
Project("{FAE04EC0-301F-11D3-BF4B-00C04F79EFBC}") = "JupiterInv.Core", "JupiterInv.Core\JupiterInv.Core.csproj", "{132015B5-FCB4-480F-BF68-13CD6A82ECF2}"
EndProject
Project("{FAE04EC0-301F-11D3-BF4B-00C04F79EFBC}") = "JupiterInv.Infrastructure", "JupiterInv.Infrastructure\JupiterInv.Infrastructure.csproj", "{61FF7D9F-8B2F-4076-AD4B-91F6290E156F}"
EndProject
Global
	GlobalSection(SolutionConfigurationPlatforms) = preSolution
		Debug|Any CPU = Debug|Any CPU
		Release|Any CPU = Release|Any CPU
	EndGlobalSection
	GlobalSection(ProjectConfigurationPlatforms) = postSolution
		{0AAC83FF-B1B5-4698-963C-F51A050FFA2E}.Debug|Any CPU.ActiveCfg = Debug|Any CPU
		{0AAC83FF-B1B5-4698-963C-F51A050FFA2E}.Debug|Any CPU.Build.0 = Debug|Any CPU
		{0AAC83FF-B1B5-4698-963C-F51A050FFA2E}.Release|Any CPU.ActiveCfg = Release|Any CPU
		{0AAC83FF-B1B5-4698-963C-F51A050FFA2E}.Release|Any CPU.Build.0 = Release|Any CPU
		{D18D7775-0D3D-4B4E-BA0A-DBFC9E4A7C94}.Debug|Any CPU.ActiveCfg = Debug|Any CPU
		{D18D7775-0D3D-4B4E-BA0A-DBFC9E4A7C94}.Debug|Any CPU.Build.0 = Debug|Any CPU
		{D18D7775-0D3D-4B4E-BA0A-DBFC9E4A7C94}.Release|Any CPU.ActiveCfg = Release|Any CPU
		{D18D7775-0D3D-4B4E-BA0A-DBFC9E4A7C94}.Release|Any CPU.Build.0 = Release|Any CPU
		{A6F3563E-EAD8-4CE7-A34E-BEC2EFE880C1}.Debug|Any CPU.ActiveCfg = Debug|Any CPU
		{A6F3563E-EAD8-4CE7-A34E-BEC2EFE880C1}.Debug|Any CPU.Build.0 = Debug|Any CPU
		{A6F3563E-EAD8-4CE7-A34E-BEC2EFE880C1}.Release|Any CPU.ActiveCfg = Release|Any CPU
		{A6F3563E-EAD8-4CE7-A34E-BEC2EFE880C1}.Release|Any CPU.Build.0 = Release|Any CPU
		{132015B5-FCB4-480F-BF68-13CD6A82ECF2}.Debug|Any CPU.ActiveCfg = Debug|Any CPU
		{132015B5-FCB4-480F-BF68-13CD6A82ECF2}.Debug|Any CPU.Build.0 = Debug|Any CPU
		{132015B5-FCB4-480F-BF68-13CD6A82ECF2}.Release|Any CPU.ActiveCfg = Release|Any CPU
		{132015B5-FCB4-480F-BF68-13CD6A82ECF2}.Release|Any CPU.Build.0 = Release|Any CPU
		{61FF7D9F-8B2F-4076-AD4B-91F6290E156F}.Debug|Any CPU.ActiveCfg = Debug|Any CPU
		{61FF7D9F-8B2F-4076-AD4B-91F6290E156F}.Debug|Any CPU.Build.0 = Debug|Any CPU
		{61FF7D9F-8B2F-4076-AD4B-91F6290E156F}.Release|Any CPU.ActiveCfg = Release|Any CPU
		{61FF7D9F-8B2F-4076-AD4B-91F6290E156F}.Release|Any CPU.Build.0 = Release|Any CPU
	EndGlobalSection
EndGlobal
